# THIS IS AN AUTOGENERATED FILE. DO NOT EDIT THIS FILE DIRECTLY.
# yarn lockfile v1


"@playwright/test@^1.25.0":
  version "1.25.0"
  resolved "https://registry.yarnpkg.com/@playwright/test/-/test-1.25.0.tgz#e0de134651e78e45e986c5f16578188dd5937331"
  integrity sha512-j4EZhTTQI3dBeWblE21EV//swwmBtOpIrLdOIJIRv4uqsLdHgBg1z+JtTg+AeC5o2bAXIE26kDNW5A0TimG8Bg==
  dependencies:
    "@types/node" "*"
    playwright-core "1.25.0"

"@types/node@*":
  version "18.7.6"
  resolved "https://registry.yarnpkg.com/@types/node/-/node-18.7.6.tgz#31743bc5772b6ac223845e18c3fc26f042713c83"
  integrity sha512-EdxgKRXgYsNITy5mjjXjVE/CS8YENSdhiagGrLqjG0pvA2owgJ6i4l7wy/PFZGC0B1/H20lWKN7ONVDNYDZm7A==

playwright-core@1.25.0:
  version "1.25.0"
  resolved "https://registry.yarnpkg.com/playwright-core/-/playwright-core-1.25.0.tgz#54dc867c6c2cc5e4233905e249206a02914d14f1"
  integrity sha512-kZ3Jwaf3wlu0GgU0nB8UMQ+mXFTqBIFz9h1svTlNduNKjnbPXFxw7mJanLVjqxHJRn62uBfmgBj93YHidk2N5Q==
